
Microsoft Visual Studio Solution File, Format Version 12.00
# Visual Studio 15
VisualStudioVersion = 15.0.27703.2026
MinimumVisualStudioVersion = 10.0.40219.1
Project("{888888A0-9F3D-457C-B088-3A5042F75D52}") = "IB_Datastream", "IB_Datastream\IB_Datastream.pyproj", "{DDAE2C7A-540A-42A3-8FBF-6DF318037610}"
EndProject
Global
	GlobalSection(SolutionConfigurationPlatforms) = preSolution
		Debug|Any CPU = Debug|Any CPU
		Release|Any CPU = Release|Any CPU
	EndGlobalSection
	GlobalSection(ProjectConfigurationPlatforms) = postSolution
		{DDAE2C7A-540A-42A3-8FBF-6DF318037610}.Debug|Any CPU.ActiveCfg = Debug|Any CPU
		{DDAE2C7A-540A-42A3-8FBF-6DF318037610}.Release|Any CPU.ActiveCfg = Release|Any CPU
	EndGlobalSection
	GlobalSection(SolutionProperties) = preSolution
		HideSolutionNode = FALSE
	EndGlobalSection
	GlobalSection(ExtensibilityGlobals) = postSolution
		SolutionGuid = {17801225-ED67-4AEE-8149-06CB1F410495}
	EndGlobalSection
EndGlobal
